
Microsoft Visual Studio Solution File, Format Version 12.00
# Visual Studio Version 17
VisualStudioVersion = 17.2.32616.157
MinimumVisualStudioVersion = 10.0.40219.1
Project("{FAE04EC0-301F-11D3-BF4B-00C04F79EFBC}") = "polimorphie1", "polimorphie1.csproj", "{E836911F-968A-4AEF-A0EE-3B4BF92FA4E5}"
EndProject
Global
	GlobalSection(SolutionConfigurationPlatforms) = preSolution
		Debug|Any CPU = Debug|Any CPU
		Release|Any CPU = Release|Any CPU
	EndGlobalSection
	GlobalSection(ProjectConfigurationPlatforms) = postSolution
		{E836911F-968A-4AEF-A0EE-3B4BF92FA4E5}.Debug|Any CPU.ActiveCfg = Debug|Any CPU
		{E836911F-968A-4AEF-A0EE-3B4BF92FA4E5}.Debug|Any CPU.Build.0 = Debug|Any CPU
		{E836911F-968A-4AEF-A0EE-3B4BF92FA4E5}.Release|Any CPU.ActiveCfg = Release|Any CPU
		{E836911F-968A-4AEF-A0EE-3B4BF92FA4E5}.Release|Any CPU.Build.0 = Release|Any CPU
	EndGlobalSection
	GlobalSection(SolutionProperties) = preSolution
		HideSolutionNode = FALSE
	EndGlobalSection
	GlobalSection(ExtensibilityGlobals) = postSolution
		SolutionGuid = {66876D4F-0552-4219-BB56-8581F134BF5E}
	EndGlobalSection
EndGlobal
