
Microsoft Visual Studio Solution File, Format Version 12.00
# Visual Studio Version 17
VisualStudioVersion = 17.2.32616.157
MinimumVisualStudioVersion = 10.0.40219.1
Project("{FAE04EC0-301F-11D3-BF4B-00C04F79EFBC}") = "Bank", "Bank.csproj", "{E5704D33-12FF-429B-B7B1-F4699F4EC69B}"
EndProject
Global
	GlobalSection(SolutionConfigurationPlatforms) = preSolution
		Debug|Any CPU = Debug|Any CPU
		Release|Any CPU = Release|Any CPU
	EndGlobalSection
	GlobalSection(ProjectConfigurationPlatforms) = postSolution
		{E5704D33-12FF-429B-B7B1-F4699F4EC69B}.Debug|Any CPU.ActiveCfg = Debug|Any CPU
		{E5704D33-12FF-429B-B7B1-F4699F4EC69B}.Debug|Any CPU.Build.0 = Debug|Any CPU
		{E5704D33-12FF-429B-B7B1-F4699F4EC69B}.Release|Any CPU.ActiveCfg = Release|Any CPU
		{E5704D33-12FF-429B-B7B1-F4699F4EC69B}.Release|Any CPU.Build.0 = Release|Any CPU
	EndGlobalSection
	GlobalSection(SolutionProperties) = preSolution
		HideSolutionNode = FALSE
	EndGlobalSection
	GlobalSection(ExtensibilityGlobals) = postSolution
		SolutionGuid = {B18CC62A-85E3-4452-9A38-6BA93DBE3153}
	EndGlobalSection
EndGlobal
