
Microsoft Visual Studio Solution File, Format Version 12.00
# Visual Studio Version 17
VisualStudioVersion = 17.2.32616.157
MinimumVisualStudioVersion = 10.0.40219.1
Project("{FAE04EC0-301F-11D3-BF4B-00C04F79EFBC}") = "array_sum", "array_sum.csproj", "{387427C7-DF54-4A15-B479-9CDA99A443D6}"
EndProject
Global
	GlobalSection(SolutionConfigurationPlatforms) = preSolution
		Debug|Any CPU = Debug|Any CPU
		Release|Any CPU = Release|Any CPU
	EndGlobalSection
	GlobalSection(ProjectConfigurationPlatforms) = postSolution
		{387427C7-DF54-4A15-B479-9CDA99A443D6}.Debug|Any CPU.ActiveCfg = Debug|Any CPU
		{387427C7-DF54-4A15-B479-9CDA99A443D6}.Debug|Any CPU.Build.0 = Debug|Any CPU
		{387427C7-DF54-4A15-B479-9CDA99A443D6}.Release|Any CPU.ActiveCfg = Release|Any CPU
		{387427C7-DF54-4A15-B479-9CDA99A443D6}.Release|Any CPU.Build.0 = Release|Any CPU
	EndGlobalSection
	GlobalSection(SolutionProperties) = preSolution
		HideSolutionNode = FALSE
	EndGlobalSection
	GlobalSection(ExtensibilityGlobals) = postSolution
		SolutionGuid = {A2434FCC-2592-4460-B198-CB805986C47C}
	EndGlobalSection
EndGlobal
